
Microsoft Visual Studio Solution File, Format Version 12.00
# Visual Studio Version 17
VisualStudioVersion = 17.10.34928.147
MinimumVisualStudioVersion = 10.0.40219.1
Project("{FAE04EC0-301F-11D3-BF4B-00C04F79EFBC}") = "project", "project\project.csproj", "{BE075021-C4C8-4471-9030-EAB12C595124}"
EndProject
Global
	GlobalSection(SolutionConfigurationPlatforms) = preSolution
		Debug|Any CPU = Debug|Any CPU
		Release|Any CPU = Release|Any CPU
	EndGlobalSection
	GlobalSection(ProjectConfigurationPlatforms) = postSolution
		{BE075021-C4C8-4471-9030-EAB12C595124}.Debug|Any CPU.ActiveCfg = Debug|Any CPU
		{BE075021-C4C8-4471-9030-EAB12C595124}.Debug|Any CPU.Build.0 = Debug|Any CPU
		{BE075021-C4C8-4471-9030-EAB12C595124}.Release|Any CPU.ActiveCfg = Release|Any CPU
		{BE075021-C4C8-4471-9030-EAB12C595124}.Release|Any CPU.Build.0 = Release|Any CPU
	EndGlobalSection
	GlobalSection(SolutionProperties) = preSolution
		HideSolutionNode = FALSE
	EndGlobalSection
	GlobalSection(ExtensibilityGlobals) = postSolution
		SolutionGuid = {1551BE5A-7931-44EC-B84C-0CB4B9E76DCD}
	EndGlobalSection
EndGlobal
